
Microsoft Visual Studio Solution File, Format Version 12.00
# Visual Studio Version 16
VisualStudioVersion = 16.0.29709.97
MinimumVisualStudioVersion = 10.0.40219.1
Project("{FAE04EC0-301F-11D3-BF4B-00C04F79EFBC}") = "TemperatureApp_ICommand_INotify", "TemperatureApp_ICommand_INotify\TemperatureApp_ICommand_INotify.csproj", "{FC8CCA13-AD7D-432B-8068-CC647E64E783}"
EndProject
Global
	GlobalSection(SolutionConfigurationPlatforms) = preSolution
		Debug|Any CPU = Debug|Any CPU
		Release|Any CPU = Release|Any CPU
	EndGlobalSection
	GlobalSection(ProjectConfigurationPlatforms) = postSolution
		{FC8CCA13-AD7D-432B-8068-CC647E64E783}.Debug|Any CPU.ActiveCfg = Debug|Any CPU
		{FC8CCA13-AD7D-432B-8068-CC647E64E783}.Debug|Any CPU.Build.0 = Debug|Any CPU
		{FC8CCA13-AD7D-432B-8068-CC647E64E783}.Release|Any CPU.ActiveCfg = Release|Any CPU
		{FC8CCA13-AD7D-432B-8068-CC647E64E783}.Release|Any CPU.Build.0 = Release|Any CPU
	EndGlobalSection
	GlobalSection(SolutionProperties) = preSolution
		HideSolutionNode = FALSE
	EndGlobalSection
	GlobalSection(ExtensibilityGlobals) = postSolution
		SolutionGuid = {37C4A25D-2B0F-4220-B2D2-9A167E03C852}
	EndGlobalSection
EndGlobal
